// !$*UTF8*$!
{
	archiveVersion = 1;
	classes = {
	};
	objectVersion = 77;
	objects = {

/* Begin PBXContainerItemProxy section */
		F856F2612D68586F0070A78C /* PBXContainerItemProxy */ = {
			isa = PBXContainerItemProxy;
			containerPortal = F856F2462D68586E0070A78C /* Project object */;
			proxyType = 1;
			remoteGlobalIDString = F856F24D2D68586E0070A78C;
			remoteInfo = "AI Idea Swipe";
		};
		F856F26B2D68586F0070A78C /* PBXContainerItemProxy */ = {
			isa = PBXContainerItemProxy;
			containerPortal = F856F2462D68586E0070A78C /* Project object */;
			proxyType = 1;
			remoteGlobalIDString = F856F24D2D68586E0070A78C;
			remoteInfo = "AI Idea Swipe";
		};
/* End PBXContainerItemProxy section */

/* Begin PBXFileReference section */
		F856F24E2D68586E0070A78C /* AI Idea Swipe.app */ = {isa = PBXFileReference; explicitFileType = wrapper.application; includeInIndex = 0; path = "AI Idea Swipe.app"; sourceTree = BUILT_PRODUCTS_DIR; };
		F856F2602D68586F0070A78C /* AI Idea SwipeTests.xctest */ = {isa = PBXFileReference; explicitFileType = wrapper.cfbundle; includeInIndex = 0; path = "AI Idea SwipeTests.xctest"; sourceTree = BUILT_PRODUCTS_DIR; };
		F856F26A2D68586F0070A78C /* AI Idea SwipeUITests.xctest */ = {isa = PBXFileReference; explicitFileType = wrapper.cfbundle; includeInIndex = 0; path = "AI Idea SwipeUITests.xctest"; sourceTree = BUILT_PRODUCTS_DIR; };
/* End PBXFileReference section */

/* Begin PBXFileSystemSynchronizedRootGroup section */
		F856F2502D68586E0070A78C /* AI Idea Swipe */ = {
			isa = PBXFileSystemSynchronizedRootGroup;
			path = "AI Idea Swipe";
			sourceTree = "<group>";
		};
		F856F2632D68586F0070A78C /* AI Idea SwipeTests */ = {
			isa = PBXFileSystemSynchronizedRootGroup;
			path = "AI Idea SwipeTests";
			sourceTree = "<group>";
		};
		F856F26D2D68586F0070A78C /* AI Idea SwipeUITests */ = {
			isa = PBXFileSystemSynchronizedRootGroup;
			path = "AI Idea SwipeUITests";
			sourceTree = "<group>";
		};
/* End PBXFileSystemSynchronizedRootGroup section */

/* Begin PBXFrameworksBuildPhase section */
		F856F24B2D68586E0070A78C /* Frameworks */ = {
			isa = PBXFrameworksBuildPhase;
			buildActionMask = 2147483647;
			files = (
			);
			runOnlyForDeploymentPostprocessing = 0;
		};
		F856F25D2D68586F0070A78C /* Frameworks */ = {
			isa = PBXFrameworksBuildPhase;
			buildActionMask = 2147483647;
			files = (
			);
			runOnlyForDeploymentPostprocessing = 0;
		};
		F856F2672D68586F0070A78C /* Frameworks */ = {
			isa = PBXFrameworksBuildPhase;
			buildActionMask = 2147483647;
			files = (
			);
			runOnlyForDeploymentPostprocessing = 0;
		};
/* End PBXFrameworksBuildPhase section */

/* Begin PBXGroup section */
		F856F2452D68586E0070A78C = {
			isa = PBXGroup;
			children = (
				F856F2502D68586E0070A78C /* AI Idea Swipe */,
				F856F2632D68586F0070A78C /* AI Idea SwipeTests */,
				F856F26D2D68586F0070A78C /* AI Idea SwipeUITests */,
				F856F24F2D68586E0070A78C /* Products */,
			);
			sourceTree = "<group>";
		};
		F856F24F2D68586E0070A78C /* Products */ = {
			isa = PBXGroup;
			children = (
				F856F24E2D68586E0070A78C /* AI Idea Swipe.app */,
				F856F2602D68586F0070A78C /* AI Idea SwipeTests.xctest */,
				F856F26A2D68586F0070A78C /* AI Idea SwipeUITests.xctest */,
			);
			name = Products;
			sourceTree = "<group>";
		};
/* End PBXGroup section */

/* Begin PBXNativeTarget section */
		F856F24D2D68586E0070A78C /* AI Idea Swipe */ = {
			isa = PBXNativeTarget;
			buildConfigurationList = F856F2742D68586F0070A78C /* Build configuration list for PBXNativeTarget "AI Idea Swipe" */;
			buildPhases = (
				F856F24A2D68586E0070A78C /* Sources */,
				F856F24B2D68586E0070A78C /* Frameworks */,
				F856F24C2D68586E0070A78C /* Resources */,
			);
			buildRules = (
			);
			dependencies = (
			);
			fileSystemSynchronizedGroups = (
				F856F2502D68586E0070A78C /* AI Idea Swipe */,
			);
			name = "AI Idea Swipe";
			packageProductDependencies = (
			);
			productName = "AI Idea Swipe";
			productReference = F856F24E2D68586E0070A78C /* AI Idea Swipe.app */;
			productType = "com.apple.product-type.application";
		};
		F856F25F2D68586F0070A78C /* AI Idea SwipeTests */ = {
			isa = PBXNativeTarget;
			buildConfigurationList = F856F2772D68586F0070A78C /* Build configuration list for PBXNativeTarget "AI Idea SwipeTests" */;
			buildPhases = (
				F856F25C2D68586F0070A78C /* Sources */,
				F856F25D2D68586F0070A78C /* Frameworks */,
				F856F25E2D68586F0070A78C /* Resources */,
			);
			buildRules = (
			);
			dependencies = (
				F856F2622D68586F0070A78C /* PBXTargetDependency */,
			);
			fileSystemSynchronizedGroups = (
				F856F2632D68586F0070A78C /* AI Idea SwipeTests */,
			);
			name = "AI Idea SwipeTests";
			packageProductDependencies = (
			);
			productName = "AI Idea SwipeTests";
			productReference = F856F2602D68586F0070A78C /* AI Idea SwipeTests.xctest */;
			productType = "com.apple.product-type.bundle.unit-test";
		};
		F856F2692D68586F0070A78C /* AI Idea SwipeUITests */ = {
			isa = PBXNativeTarget;
			buildConfigurationList = F856F27A2D68586F0070A78C /* Build configuration list for PBXNativeTarget "AI Idea SwipeUITests" */;
			buildPhases = (
				F856F2662D68586F0070A78C /* Sources */,
				F856F2672D68586F0070A78C /* Frameworks */,
				F856F2682D68586F0070A78C /* Resources */,
			);
			buildRules = (
			);
			dependencies = (
				F856F26C2D68586F0070A78C /* PBXTargetDependency */,
			);
			fileSystemSynchronizedGroups = (
				F856F26D2D68586F0070A78C /* AI Idea SwipeUITests */,
			);
			name = "AI Idea SwipeUITests";
			packageProductDependencies = (
			);
			productName = "AI Idea SwipeUITests";
			productReference = F856F26A2D68586F0070A78C /* AI Idea SwipeUITests.xctest */;
			productType = "com.apple.product-type.bundle.ui-testing";
		};
/* End PBXNativeTarget section */

/* Begin PBXProject section */
		F856F2462D68586E0070A78C /* Project object */ = {
			isa = PBXProject;
			attributes = {
				BuildIndependentTargetsInParallel = 1;
				LastSwiftUpdateCheck = 1620;
				LastUpgradeCheck = 1620;
				TargetAttributes = {
					F856F24D2D68586E0070A78C = {
						CreatedOnToolsVersion = 16.2;
					};
					F856F25F2D68586F0070A78C = {
						CreatedOnToolsVersion = 16.2;
						TestTargetID = F856F24D2D68586E0070A78C;
					};
					F856F2692D68586F0070A78C = {
						CreatedOnToolsVersion = 16.2;
						TestTargetID = F856F24D2D68586E0070A78C;
					};
				};
			};
			buildConfigurationList = F856F2492D68586E0070A78C /* Build configuration list for PBXProject "AI Idea Swipe" */;
			developmentRegion = en;
			hasScannedForEncodings = 0;
			knownRegions = (
				en,
				Base,
			);
			mainGroup = F856F2452D68586E0070A78C;
			minimizedProjectReferenceProxies = 1;
			preferredProjectObjectVersion = 77;
			productRefGroup = F856F24F2D68586E0070A78C /* Products */;
			projectDirPath = "";
			projectRoot = "";
			targets = (
				F856F24D2D68586E0070A78C /* AI Idea Swipe */,
				F856F25F2D68586F0070A78C /* AI Idea SwipeTests */,
				F856F2692D68586F0070A78C /* AI Idea SwipeUITests */,
			);
		};
/* End PBXProject section */

/* Begin PBXResourcesBuildPhase section */
		F856F24C2D68586E0070A78C /* Resources */ = {
			isa = PBXResourcesBuildPhase;
			buildActionMask = 2147483647;
			files = (
			);
			runOnlyForDeploymentPostprocessing = 0;
		};
		F856F25E2D68586F0070A78C /* Resources */ = {
			isa = PBXResourcesBuildPhase;
			buildActionMask = 2147483647;
			files = (
			);
			runOnlyForDeploymentPostprocessing = 0;
		};
		F856F2682D68586F0070A78C /* Resources */ = {
			isa = PBXResourcesBuildPhase;
			buildActionMask = 2147483647;
			files = (
			);
			runOnlyForDeploymentPostprocessing = 0;
		};
/* End PBXResourcesBuildPhase section */

/* Begin PBXSourcesBuildPhase section */
		F856F24A2D68586E0070A78C /* Sources */ = {
			isa = PBXSourcesBuildPhase;
			buildActionMask = 2147483647;
			files = (
			);
			runOnlyForDeploymentPostprocessing = 0;
		};
		F856F25C2D68586F0070A78C /* Sources */ = {
			isa = PBXSourcesBuildPhase;
			buildActionMask = 2147483647;
			files = (
			);
			runOnlyForDeploymentPostprocessing = 0;
		};
		F856F2662D68586F0070A78C /* Sources */ = {
			isa = PBXSourcesBuildPhase;
			buildActionMask = 2147483647;
			files = (
			);
			runOnlyForDeploymentPostprocessing = 0;
		};
/* End PBXSourcesBuildPhase section */

/* Begin PBXTargetDependency section */
		F856F2622D68586F0070A78C /* PBXTargetDependency */ = {
			isa = PBXTargetDependency;
			target = F856F24D2D68586E0070A78C /* AI Idea Swipe */;
			targetProxy = F856F2612D68586F0070A78C /* PBXContainerItemProxy */;
		};
		F856F26C2D68586F0070A78C /* PBXTargetDependency */ = {
			isa = PBXTargetDependency;
			target = F856F24D2D68586E0070A78C /* AI Idea Swipe */;
			targetProxy = F856F26B2D68586F0070A78C /* PBXContainerItemProxy */;
		};
/* End PBXTargetDependency section */

/* Begin XCBuildConfiguration section */
		F856F2722D68586F0070A78C /* Debug */ = {
			isa = XCBuildConfiguration;
			buildSettings = {
				ALWAYS_SEARCH_USER_PATHS = NO;
				ASSETCATALOG_COMPILER_GENERATE_SWIFT_ASSET_SYMBOL_EXTENSIONS = YES;
				CLANG_ANALYZER_NONNULL = YES;
				CLANG_ANALYZER_NUMBER_OBJECT_CONVERSION = YES_AGGRESSIVE;
				CLANG_CXX_LANGUAGE_STANDARD = "gnu++20";
				CLANG_ENABLE_MODULES = YES;
				CLANG_ENABLE_OBJC_ARC = YES;
				CLANG_ENABLE_OBJC_WEAK = YES;
				CLANG_WARN_BLOCK_CAPTURE_AUTORELEASING = YES;
				CLANG_WARN_BOOL_CONVERSION = YES;
				CLANG_WARN_COMMA = YES;
				CLANG_WARN_CONSTANT_CONVERSION = YES;
				CLANG_WARN_DEPRECATED_OBJC_IMPLEMENTATIONS = YES;
				CLANG_WARN_DIRECT_OBJC_ISA_USAGE = YES_ERROR;
				CLANG_WARN_DOCUMENTATION_COMMENTS = YES;
				CLANG_WARN_EMPTY_BODY = YES;
				CLANG_WARN_ENUM_CONVERSION = YES;
				CLANG_WARN_INFINITE_RECURSION = YES;
				CLANG_WARN_INT_CONVERSION = YES;
				CLANG_WARN_NON_LITERAL_NULL_CONVERSION = YES;
				CLANG_WARN_OBJC_IMPLICIT_RETAIN_SELF = YES;
				CLANG_WARN_OBJC_LITERAL_CONVERSION = YES;
				CLANG_WARN_OBJC_ROOT_CLASS = YES_ERROR;
				CLANG_WARN_QUOTED_INCLUDE_IN_FRAMEWORK_HEADER = YES;
				CLANG_WARN_RANGE_LOOP_ANALYSIS = YES;
				CLANG_WARN_STRICT_PROTOTYPES = YES;
				CLANG_WARN_SUSPICIOUS_MOVE = YES;
				CLANG_WARN_UNGUARDED_AVAILABILITY = YES_AGGRESSIVE;
				CLANG_WARN_UNREACHABLE_CODE = YES;
				CLANG_WARN__DUPLICATE_METHOD_MATCH = YES;
				COPY_PHASE_STRIP = NO;
				DEBUG_INFORMATION_FORMAT = dwarf;
				ENABLE_STRICT_OBJC_MSGSEND = YES;
				ENABLE_TESTABILITY = YES;
				ENABLE_USER_SCRIPT_SANDBOXING = YES;
				GCC_C_LANGUAGE_STANDARD = gnu17;
				GCC_DYNAMIC_NO_PIC = NO;
				GCC_NO_COMMON_BLOCKS = YES;
				GCC_OPTIMIZATION_LEVEL = 0;
				GCC_PREPROCESSOR_DEFINITIONS = (
					"DEBUG=1",
					"$(inherited)",
				);
				GCC_WARN_64_TO_32_BIT_CONVERSION = YES;
				GCC_WARN_ABOUT_RETURN_TYPE = YES_ERROR;
				GCC_WARN_UNDECLARED_SELECTOR = YES;
				GCC_WARN_UNINITIALIZED_AUTOS = YES_AGGRESSIVE;
				GCC_WARN_UNUSED_FUNCTION = YES;
				GCC_WARN_UNUSED_VARIABLE = YES;
				IPHONEOS_DEPLOYMENT_TARGET = 18.2;
				LOCALIZATION_PREFERS_STRING_CATALOGS = YES;
				MTL_ENABLE_DEBUG_INFO = INCLUDE_SOURCE;
				MTL_FAST_MATH = YES;
				ONLY_ACTIVE_ARCH = YES;
				SDKROOT = iphoneos;
				SWIFT_ACTIVE_COMPILATION_CONDITIONS = "DEBUG $(inherited)";
				SWIFT_OPTIMIZATION_LEVEL = "-Onone";
			};
			name = Debug;
		};
		F856F2732D68586F0070A78C /* Release */ = {
			isa = XCBuildConfiguration;
			buildSettings = {
				ALWAYS_SEARCH_USER_PATHS = NO;
				ASSETCATALOG_COMPILER_GENERATE_SWIFT_ASSET_SYMBOL_EXTENSIONS = YES;
				CLANG_ANALYZER_NONNULL = YES;
				CLANG_ANALYZER_NUMBER_OBJECT_CONVERSION = YES_AGGRESSIVE;
				CLANG_CXX_LANGUAGE_STANDARD = "gnu++20";
				CLANG_ENABLE_MODULES = YES;
				CLANG_ENABLE_OBJC_ARC = YES;
				CLANG_ENABLE_OBJC_WEAK = YES;
				CLANG_WARN_BLOCK_CAPTURE_AUTORELEASING = YES;
				CLANG_WARN_BOOL_CONVERSION = YES;
				CLANG_WARN_COMMA = YES;
				CLANG_WARN_CONSTANT_CONVERSION = YES;
				CLANG_WARN_DEPRECATED_OBJC_IMPLEMENTATIONS = YES;
				CLANG_WARN_DIRECT_OBJC_ISA_USAGE = YES_ERROR;
				CLANG_WARN_DOCUMENTATION_COMMENTS = YES;
				CLANG_WARN_EMPTY_BODY = YES;
				CLANG_WARN_ENUM_CONVERSION = YES;
				CLANG_WARN_INFINITE_RECURSION = YES;
				CLANG_WARN_INT_CONVERSION = YES;
				CLANG_WARN_NON_LITERAL_NULL_CONVERSION = YES;
				CLANG_WARN_OBJC_IMPLICIT_RETAIN_SELF = YES;
				CLANG_WARN_OBJC_LITERAL_CONVERSION = YES;
				CLANG_WARN_OBJC_ROOT_CLASS = YES_ERROR;
				CLANG_WARN_QUOTED_INCLUDE_IN_FRAMEWORK_HEADER = YES;
				CLANG_WARN_RANGE_LOOP_ANALYSIS = YES;
				CLANG_WARN_STRICT_PROTOTYPES = YES;
				CLANG_WARN_SUSPICIOUS_MOVE = YES;
				CLANG_WARN_UNGUARDED_AVAILABILITY = YES_AGGRESSIVE;
				CLANG_WARN_UNREACHABLE_CODE = YES;
				CLANG_WARN__DUPLICATE_METHOD_MATCH = YES;
				COPY_PHASE_STRIP = NO;
				DEBUG_INFORMATION_FORMAT = "dwarf-with-dsym";
				ENABLE_NS_ASSERTIONS = NO;
				ENABLE_STRICT_OBJC_MSGSEND = YES;
				ENABLE_USER_SCRIPT_SANDBOXING = YES;
				GCC_C_LANGUAGE_STANDARD = gnu17;
				GCC_NO_COMMON_BLOCKS = YES;
				GCC_WARN_64_TO_32_BIT_CONVERSION = YES;
				GCC_WARN_ABOUT_RETURN_TYPE = YES_ERROR;
				GCC_WARN_UNDECLARED_SELECTOR = YES;
				GCC_WARN_UNINITIALIZED_AUTOS = YES_AGGRESSIVE;
				GCC_WARN_UNUSED_FUNCTION = YES;
				GCC_WARN_UNUSED_VARIABLE = YES;
				IPHONEOS_DEPLOYMENT_TARGET = 18.2;
				LOCALIZATION_PREFERS_STRING_CATALOGS = YES;
				MTL_ENABLE_DEBUG_INFO = NO;
				MTL_FAST_MATH = YES;
				SDKROOT = iphoneos;
				SWIFT_COMPILATION_MODE = wholemodule;
				VALIDATE_PRODUCT = YES;
			};
			name = Release;
		};
		F856F2752D68586F0070A78C /* Debug */ = {
			isa = XCBuildConfiguration;
			buildSettings = {
				ASSETCATALOG_COMPILER_APPICON_NAME = AppIcon;
				ASSETCATALOG_COMPILER_GLOBAL_ACCENT_COLOR_NAME = AccentColor;
				CODE_SIGN_STYLE = Automatic;
				CURRENT_PROJECT_VERSION = 1;
				DEVELOPMENT_ASSET_PATHS = "\"AI Idea Swipe/Preview Content\"";
				DEVELOPMENT_TEAM = HS52Z9HQ6L;
				ENABLE_PREVIEWS = YES;
				GENERATE_INFOPLIST_FILE = YES;
				INFOPLIST_FILE = "AI-Idea-Swipe-Info.plist";
				INFOPLIST_KEY_UIApplicationSceneManifest_Generation = YES;
				INFOPLIST_KEY_UIApplicationSupportsIndirectInputEvents = YES;
				INFOPLIST_KEY_UILaunchScreen_Generation = YES;
				INFOPLIST_KEY_UISupportedInterfaceOrientations_iPad = "UIInterfaceOrientationPortrait UIInterfaceOrientationPortraitUpsideDown UIInterfaceOrientationLandscapeLeft UIInterfaceOrientationLandscapeRight";
				INFOPLIST_KEY_UISupportedInterfaceOrientations_iPhone = "UIInterfaceOrientationPortrait UIInterfaceOrientationLandscapeLeft UIInterfaceOrientationLandscapeRight";
				LD_RUNPATH_SEARCH_PATHS = (
					"$(inherited)",
					"@executable_path/Frameworks",
				);
				MARKETING_VERSION = 1.0;
				PRODUCT_BUNDLE_IDENTIFIER = "ipok.AI-Idea-Swipe";
				PRODUCT_NAME = "$(TARGET_NAME)";
				SWIFT_EMIT_LOC_STRINGS = YES;
				SWIFT_VERSION = 5.0;
				TARGETED_DEVICE_FAMILY = "1,2";
			};
			name = Debug;
		};
		F856F2762D68586F0070A78C /* Release */ = {
			isa = XCBuildConfiguration;
			buildSettings = {
				ASSETCATALOG_COMPILER_APPICON_NAME = AppIcon;
				ASSETCATALOG_COMPILER_GLOBAL_ACCENT_COLOR_NAME = AccentColor;
				CODE_SIGN_STYLE = Automatic;
				CURRENT_PROJECT_VERSION = 1;
				DEVELOPMENT_ASSET_PATHS = "\"AI Idea Swipe/Preview Content\"";
				DEVELOPMENT_TEAM = HS52Z9HQ6L;
				ENABLE_PREVIEWS = YES;
				GENERATE_INFOPLIST_FILE = YES;
				INFOPLIST_FILE = "AI-Idea-Swipe-Info.plist";
				INFOPLIST_KEY_UIApplicationSceneManifest_Generation = YES;
				INFOPLIST_KEY_UIApplicationSupportsIndirectInputEvents = YES;
				INFOPLIST_KEY_UILaunchScreen_Generation = YES;
				INFOPLIST_KEY_UISupportedInterfaceOrientations_iPad = "UIInterfaceOrientationPortrait UIInterfaceOrientationPortraitUpsideDown UIInterfaceOrientationLandscapeLeft UIInterfaceOrientationLandscapeRight";
				INFOPLIST_KEY_UISupportedInterfaceOrientations_iPhone = "UIInterfaceOrientationPortrait UIInterfaceOrientationLandscapeLeft UIInterfaceOrientationLandscapeRight";
				LD_RUNPATH_SEARCH_PATHS = (
					"$(inherited)",
					"@executable_path/Frameworks",
				);
				MARKETING_VERSION = 1.0;
				PRODUCT_BUNDLE_IDENTIFIER = "ipok.AI-Idea-Swipe";
				PRODUCT_NAME = "$(TARGET_NAME)";
				SWIFT_EMIT_LOC_STRINGS = YES;
				SWIFT_VERSION = 5.0;
				TARGETED_DEVICE_FAMILY = "1,2";
			};
			name = Release;
		};
		F856F2782D68586F0070A78C /* Debug */ = {
			isa = XCBuildConfiguration;
			buildSettings = {
				BUNDLE_LOADER = "$(TEST_HOST)";
				CODE_SIGN_STYLE = Automatic;
				CURRENT_PROJECT_VERSION = 1;
				DEVELOPMENT_TEAM = HS52Z9HQ6L;
				GENERATE_INFOPLIST_FILE = YES;
				IPHONEOS_DEPLOYMENT_TARGET = 18.2;
				MARKETING_VERSION = 1.0;
				PRODUCT_BUNDLE_IDENTIFIER = "ipok.AI-Idea-SwipeTests";
				PRODUCT_NAME = "$(TARGET_NAME)";
				SWIFT_EMIT_LOC_STRINGS = NO;
				SWIFT_VERSION = 5.0;
				TARGETED_DEVICE_FAMILY = "1,2";
				TEST_HOST = "$(BUILT_PRODUCTS_DIR)/AI Idea Swipe.app/$(BUNDLE_EXECUTABLE_FOLDER_PATH)/AI Idea Swipe";
			};
			name = Debug;
		};
		F856F2792D68586F0070A78C /* Release */ = {
			isa = XCBuildConfiguration;
			buildSettings = {
				BUNDLE_LOADER = "$(TEST_HOST)";
				CODE_SIGN_STYLE = Automatic;
				CURRENT_PROJECT_VERSION = 1;
				DEVELOPMENT_TEAM = HS52Z9HQ6L;
				GENERATE_INFOPLIST_FILE = YES;
				IPHONEOS_DEPLOYMENT_TARGET = 18.2;
				MARKETING_VERSION = 1.0;
				PRODUCT_BUNDLE_IDENTIFIER = "ipok.AI-Idea-SwipeTests";
				PRODUCT_NAME = "$(TARGET_NAME)";
				SWIFT_EMIT_LOC_STRINGS = NO;
				SWIFT_VERSION = 5.0;
				TARGETED_DEVICE_FAMILY = "1,2";
				TEST_HOST = "$(BUILT_PRODUCTS_DIR)/AI Idea Swipe.app/$(BUNDLE_EXECUTABLE_FOLDER_PATH)/AI Idea Swipe";
			};
			name = Release;
		};
		F856F27B2D68586F0070A78C /* Debug */ = {
			isa = XCBuildConfiguration;
			buildSettings = {
				CODE_SIGN_STYLE = Automatic;
				CURRENT_PROJECT_VERSION = 1;
				DEVELOPMENT_TEAM = HS52Z9HQ6L;
				GENERATE_INFOPLIST_FILE = YES;
				MARKETING_VERSION = 1.0;
				PRODUCT_BUNDLE_IDENTIFIER = "ipok.AI-Idea-SwipeUITests";
				PRODUCT_NAME = "$(TARGET_NAME)";
				SWIFT_EMIT_LOC_STRINGS = NO;
				SWIFT_VERSION = 5.0;
				TARGETED_DEVICE_FAMILY = "1,2";
				TEST_TARGET_NAME = "AI Idea Swipe";
			};
			name = Debug;
		};
		F856F27C2D68586F0070A78C /* Release */ = {
			isa = XCBuildConfiguration;
			buildSettings = {
				CODE_SIGN_STYLE = Automatic;
				CURRENT_PROJECT_VERSION = 1;
				DEVELOPMENT_TEAM = HS52Z9HQ6L;
				GENERATE_INFOPLIST_FILE = YES;
				MARKETING_VERSION = 1.0;
				PRODUCT_BUNDLE_IDENTIFIER = "ipok.AI-Idea-SwipeUITests";
				PRODUCT_NAME = "$(TARGET_NAME)";
				SWIFT_EMIT_LOC_STRINGS = NO;
				SWIFT_VERSION = 5.0;
				TARGETED_DEVICE_FAMILY = "1,2";
				TEST_TARGET_NAME = "AI Idea Swipe";
			};
			name = Release;
		};
/* End XCBuildConfiguration section */

/* Begin XCConfigurationList section */
		F856F2492D68586E0070A78C /* Build configuration list for PBXProject "AI Idea Swipe" */ = {
			isa = XCConfigurationList;
			buildConfigurations = (
				F856F2722D68586F0070A78C /* Debug */,
				F856F2732D68586F0070A78C /* Release */,
			);
			defaultConfigurationIsVisible = 0;
			defaultConfigurationName = Release;
		};
		F856F2742D68586F0070A78C /* Build configuration list for PBXNativeTarget "AI Idea Swipe" */ = {
			isa = XCConfigurationList;
			buildConfigurations = (
				F856F2752D68586F0070A78C /* Debug */,
				F856F2762D68586F0070A78C /* Release */,
			);
			defaultConfigurationIsVisible = 0;
			defaultConfigurationName = Release;
		};
		F856F2772D68586F0070A78C /* Build configuration list for PBXNativeTarget "AI Idea SwipeTests" */ = {
			isa = XCConfigurationList;
			buildConfigurations = (
				F856F2782D68586F0070A78C /* Debug */,
				F856F2792D68586F0070A78C /* Release */,
			);
			defaultConfigurationIsVisible = 0;
			defaultConfigurationName = Release;
		};
		F856F27A2D68586F0070A78C /* Build configuration list for PBXNativeTarget "AI Idea SwipeUITests" */ = {
			isa = XCConfigurationList;
			buildConfigurations = (
				F856F27B2D68586F0070A78C /* Debug */,
				F856F27C2D68586F0070A78C /* Release */,
			);
			defaultConfigurationIsVisible = 0;
			defaultConfigurationName = Release;
		};
/* End XCConfigurationList section */
	};
	rootObject = F856F2462D68586E0070A78C /* Project object */;
}
